Microsoft Visual Studio Solution File, Format Version 12.00
# Visual Studio 2012
Project("{FAE04EC0-301F-11D3-BF4B-00C04F79EFBC}") = "Featwares_SpiegelWasser", "Featwares_SpiegelWasser.csproj", "{92699AD3-4B2E-4C46-9FB9-7523D9310568}"
EndProject
Global
	GlobalSection(SolutionConfigurationPlatforms) = preSolution
	Debug|Any CPU = Debug|Any CPU
	ExportDebug|Any CPU = ExportDebug|Any CPU
	ExportRelease|Any CPU = ExportRelease|Any CPU
	EndGlobalSection
	GlobalSection(ProjectConfigurationPlatforms) = postSolution
		{92699AD3-4B2E-4C46-9FB9-7523D9310568}.Debug|Any CPU.ActiveCfg = Debug|Any CPU
		{92699AD3-4B2E-4C46-9FB9-7523D9310568}.Debug|Any CPU.Build.0 = Debug|Any CPU
		{92699AD3-4B2E-4C46-9FB9-7523D9310568}.ExportDebug|Any CPU.ActiveCfg = ExportDebug|Any CPU
		{92699AD3-4B2E-4C46-9FB9-7523D9310568}.ExportDebug|Any CPU.Build.0 = ExportDebug|Any CPU
		{92699AD3-4B2E-4C46-9FB9-7523D9310568}.ExportRelease|Any CPU.ActiveCfg = ExportRelease|Any CPU
		{92699AD3-4B2E-4C46-9FB9-7523D9310568}.ExportRelease|Any CPU.Build.0 = ExportRelease|Any CPU
	EndGlobalSection
EndGlobal
